{
  "version": 4,
  "terraform_version": "0.12.28",
  "serial": 6,
  "lineage": "e4788d27-455b-ea61-346c-468f55121d9c",
  "outputs": {},
  "resources": [
    {
      "mode": "data",
      "type": "digitalocean_ssh_key",
      "name": "ssh_key",
      "provider": "provider.digitalocean",
      "instances": [
        {
          "schema_version": 0,
          "attributes": {
            "fingerprint": "69:b6:21:cf:f8:7f:3c:94:35:b9:96:92:0c:dd:17:83",
            "id": "27467671",
            "name": "Evan's MacBook Pro",
            "public_key": "ssh-rsa AAAAB3NzaC1yc2EAAAADAQABAAACAQC/xdblcwDfiZH3gcGffN67y4Tb0y9Wccitz5btU6xvhoy8A1YcCUFo5TRIuprmXUnOXFjGEqDGUbM7nO36OACdnQo1GzQvoBFehy0sOQlwUMnpKGV8ZYkVSj2jlJBQ7t4i1BGQhyIH5++OiB7uk7utDSitdj9lOvAY3x4xVhRKYx7cfQILNSL0I11tvjsucEinxeky1EUaDBTc+fTt3OAPr/wlKwwjEhj1Oh5Hm+XoYR+E93Sct4FvSbUbBnnLEZrHTE4G3HIrqVdgxbpNKaLxRL7vgEeHqu6YbumL1OtL0vWx4ZHduE7UJP16uiUQXgGZHcvrAy8sVHSxbQkURmytzK6hZZ97Kho9jUbLlubRlzc6coJlpaBBO9DtD1d06yUoKWxCTOZxKfLK4fbiP0OvYEgNiqu8NqdkbpQYK8xGA/GqCt5tBuWvFFqkKkSYHF2bbK2G9CUzxyhhLnBzSbNLCyR1pK5K6yHafkHt2ERDrKyXhX/oVrG93Zv/nlEaZHHwbdEHJk143A9hZKZTIpZRYKNPqfmKrB3sglykNB2wfClANX4f1Yu1IijWtalIcf4DqYLIrxA9OP1Iddc0YrrqIvuzg+tt/WOZtHULs3W5WtFOzTQb7WZKBGOqY9LrG+cr+UMotmpt5UBp735il0uIskhHT+r1d6FbIS4ff2y0Ew== evantbyrne@gmail.com"
          }
        }
      ]
    },
    {
      "mode": "managed",
      "type": "digitalocean_droplet",
      "name": "nginx",
      "each": "list",
      "provider": "provider.digitalocean",
      "instances": [
        {
          "index_key": 0,
          "schema_version": 1,
          "attributes": {
            "backups": false,
            "created_at": "2020-07-17T19:49:16Z",
            "disk": 25,
            "id": "200416187",
            "image": "64640395",
            "ipv4_address": "159.89.52.63",
            "ipv4_address_private": "",
            "ipv6": false,
            "ipv6_address": "",
            "ipv6_address_private": null,
            "locked": false,
            "memory": 1024,
            "monitoring": false,
            "name": "nginx",
            "price_hourly": 0.00744,
            "price_monthly": 5,
            "private_networking": false,
            "region": "nyc1",
            "resize_disk": true,
            "size": "s-1vcpu-1gb",
            "ssh_keys": [
              "27467671"
            ],
            "status": "active",
            "tags": [
              "master",
              "master-1"
            ],
            "urn": "do:droplet:200416187",
            "user_data": null,
            "vcpus": 1,
            "volume_ids": [],
            "vpc_uuid": ""
          },
          "private": "eyJzY2hlbWFfdmVyc2lvbiI6IjEifQ=="
        }
      ]
    },
    {
      "mode": "managed",
      "type": "digitalocean_loadbalancer",
      "name": "load_balancer",
      "provider": "provider.digitalocean",
      "instances": [
        {
          "schema_version": 0,
          "attributes": {
            "algorithm": "round_robin",
            "droplet_ids": [
              200416187
            ],
            "droplet_tag": "",
            "enable_backend_keepalive": false,
            "enable_proxy_protocol": false,
            "forwarding_rule": [
              {
                "certificate_id": "",
                "entry_port": 80,
                "entry_protocol": "http",
                "target_port": 80,
                "target_protocol": "http",
                "tls_passthrough": false
              }
            ],
            "healthcheck": [
              {
                "check_interval_seconds": 10,
                "healthy_threshold": 5,
                "path": "",
                "port": 22,
                "protocol": "tcp",
                "response_timeout_seconds": 5,
                "unhealthy_threshold": 3
              }
            ],
            "id": "b9ff95ad-15b4-4768-98b8-ba4999db6b1e",
            "ip": "157.230.201.202",
            "name": "load-balancer-master",
            "redirect_http_to_https": false,
            "region": "nyc1",
            "status": "active",
            "sticky_sessions": [
              {
                "cookie_name": "",
                "cookie_ttl_seconds": 0,
                "type": "none"
              }
            ],
            "urn": "do:loadbalancer:b9ff95ad-15b4-4768-98b8-ba4999db6b1e",
            "vpc_uuid": "9a55e31c-1d39-49ce-8437-b2ad4c8ef4a8"
          },
          "private": "bnVsbA==",
          "dependencies": [
            "digitalocean_droplet.nginx"
          ]
        }
      ]
    }
  ]
}
